
Microsoft Visual Studio Solution File, Format Version 12.00
# Visual Studio Version 17
VisualStudioVersion = 17.5.002.0
MinimumVisualStudioVersion = 10.0.40219.1
Project("{9A19103F-16F7-4668-BE54-9A1E7A4F7556}") = "Rekenmachine", "Rekenmachine.csproj", "{7552008D-2B73-4D27-B83B-16441C9D7114}"
EndProject
Global
	GlobalSection(SolutionConfigurationPlatforms) = preSolution
		Debug|Any CPU = Debug|Any CPU
		Release|Any CPU = Release|Any CPU
	EndGlobalSection
	GlobalSection(ProjectConfigurationPlatforms) = postSolution
		{7552008D-2B73-4D27-B83B-16441C9D7114}.Debug|Any CPU.ActiveCfg = Debug|Any CPU
		{7552008D-2B73-4D27-B83B-16441C9D7114}.Debug|Any CPU.Build.0 = Debug|Any CPU
		{7552008D-2B73-4D27-B83B-16441C9D7114}.Release|Any CPU.ActiveCfg = Release|Any CPU
		{7552008D-2B73-4D27-B83B-16441C9D7114}.Release|Any CPU.Build.0 = Release|Any CPU
	EndGlobalSection
	GlobalSection(SolutionProperties) = preSolution
		HideSolutionNode = FALSE
	EndGlobalSection
	GlobalSection(ExtensibilityGlobals) = postSolution
		SolutionGuid = {B00A2ACD-B64C-4514-B815-127DB1A39A59}
	EndGlobalSection
EndGlobal
